
Microsoft Visual Studio Solution File, Format Version 12.00
# Visual Studio Version 16
VisualStudioVersion = 16.0.30611.23
MinimumVisualStudioVersion = 10.0.40219.1
Project("{FAE04EC0-301F-11D3-BF4B-00C04F79EFBC}") = "test", "test\test.csproj", "{8D7039AF-9E4D-46EB-AFD0-05F661F5725A}"
EndProject
Global
	GlobalSection(SolutionConfigurationPlatforms) = preSolution
		Debug|Any CPU = Debug|Any CPU
		Release|Any CPU = Release|Any CPU
	EndGlobalSection
	GlobalSection(ProjectConfigurationPlatforms) = postSolution
		{8D7039AF-9E4D-46EB-AFD0-05F661F5725A}.Debug|Any CPU.ActiveCfg = Debug|Any CPU
		{8D7039AF-9E4D-46EB-AFD0-05F661F5725A}.Debug|Any CPU.Build.0 = Debug|Any CPU
		{8D7039AF-9E4D-46EB-AFD0-05F661F5725A}.Release|Any CPU.ActiveCfg = Release|Any CPU
		{8D7039AF-9E4D-46EB-AFD0-05F661F5725A}.Release|Any CPU.Build.0 = Release|Any CPU
	EndGlobalSection
	GlobalSection(SolutionProperties) = preSolution
		HideSolutionNode = FALSE
	EndGlobalSection
	GlobalSection(ExtensibilityGlobals) = postSolution
		SolutionGuid = {43F8CACD-3A2A-4013-8BF2-00D167635686}
	EndGlobalSection
EndGlobal
